
Microsoft Visual Studio Solution File, Format Version 12.00
# Visual Studio Version 16
VisualStudioVersion = 16.0.31424.327
MinimumVisualStudioVersion = 10.0.40219.1
Project("{9A19103F-16F7-4668-BE54-9A1E7A4F7556}") = "Vendexpay.Core", "Vendexpay.core\Vendexpay.Core.csproj", "{22DF69DD-7EA2-46EB-8024-4A67D33D43C4}"
EndProject
Project("{9A19103F-16F7-4668-BE54-9A1E7A4F7556}") = "Vendexpay.Model", "Vendexpay.Model\Vendexpay.Model.csproj", "{73472D14-2FD1-41E1-8782-E38B06777823}"
EndProject
Project("{9A19103F-16F7-4668-BE54-9A1E7A4F7556}") = "Vendexpay.Infrastructure", "Vendexpay.Infrastructure\Vendexpay.Infrastructure.csproj", "{36C90911-D6EA-4FA0-AA6F-4D873D48424D}"
EndProject
Project("{9A19103F-16F7-4668-BE54-9A1E7A4F7556}") = "Vendexpay.Service", "Vendexpay.Service\Vendexpay.Service.csproj", "{6623E6B4-5637-449A-9759-FF756946EFFC}"
EndProject
Project("{FAE04EC0-301F-11D3-BF4B-00C04F79EFBC}") = "Vendexpay.API", "Vendexpay.API\Vendexpay.API.csproj", "{7F6D1E47-F709-49CF-94E5-4957D6515B9D}"
EndProject
Global
	GlobalSection(SolutionConfigurationPlatforms) = preSolution
		Debug|Any CPU = Debug|Any CPU
		Release|Any CPU = Release|Any CPU
	EndGlobalSection
	GlobalSection(ProjectConfigurationPlatforms) = postSolution
		{22DF69DD-7EA2-46EB-8024-4A67D33D43C4}.Debug|Any CPU.ActiveCfg = Debug|Any CPU
		{22DF69DD-7EA2-46EB-8024-4A67D33D43C4}.Debug|Any CPU.Build.0 = Debug|Any CPU
		{22DF69DD-7EA2-46EB-8024-4A67D33D43C4}.Release|Any CPU.ActiveCfg = Release|Any CPU
		{22DF69DD-7EA2-46EB-8024-4A67D33D43C4}.Release|Any CPU.Build.0 = Release|Any CPU
		{73472D14-2FD1-41E1-8782-E38B06777823}.Debug|Any CPU.ActiveCfg = Debug|Any CPU
		{73472D14-2FD1-41E1-8782-E38B06777823}.Debug|Any CPU.Build.0 = Debug|Any CPU
		{73472D14-2FD1-41E1-8782-E38B06777823}.Release|Any CPU.ActiveCfg = Release|Any CPU
		{73472D14-2FD1-41E1-8782-E38B06777823}.Release|Any CPU.Build.0 = Release|Any CPU
		{36C90911-D6EA-4FA0-AA6F-4D873D48424D}.Debug|Any CPU.ActiveCfg = Debug|Any CPU
		{36C90911-D6EA-4FA0-AA6F-4D873D48424D}.Debug|Any CPU.Build.0 = Debug|Any CPU
		{36C90911-D6EA-4FA0-AA6F-4D873D48424D}.Release|Any CPU.ActiveCfg = Release|Any CPU
		{36C90911-D6EA-4FA0-AA6F-4D873D48424D}.Release|Any CPU.Build.0 = Release|Any CPU
		{6623E6B4-5637-449A-9759-FF756946EFFC}.Debug|Any CPU.ActiveCfg = Debug|Any CPU
		{6623E6B4-5637-449A-9759-FF756946EFFC}.Debug|Any CPU.Build.0 = Debug|Any CPU
		{6623E6B4-5637-449A-9759-FF756946EFFC}.Release|Any CPU.ActiveCfg = Release|Any CPU
		{6623E6B4-5637-449A-9759-FF756946EFFC}.Release|Any CPU.Build.0 = Release|Any CPU
		{7F6D1E47-F709-49CF-94E5-4957D6515B9D}.Debug|Any CPU.ActiveCfg = Debug|Any CPU
		{7F6D1E47-F709-49CF-94E5-4957D6515B9D}.Debug|Any CPU.Build.0 = Debug|Any CPU
		{7F6D1E47-F709-49CF-94E5-4957D6515B9D}.Release|Any CPU.ActiveCfg = Release|Any CPU
		{7F6D1E47-F709-49CF-94E5-4957D6515B9D}.Release|Any CPU.Build.0 = Release|Any CPU
	EndGlobalSection
	GlobalSection(SolutionProperties) = preSolution
		HideSolutionNode = FALSE
	EndGlobalSection
	GlobalSection(ExtensibilityGlobals) = postSolution
		SolutionGuid = {78EAED38-2973-4DAE-B918-E91DF4ED3527}
	EndGlobalSection
EndGlobal
